
Microsoft Visual Studio Solution File, Format Version 12.00
# Visual Studio Version 17
VisualStudioVersion = 17.0.31903.59
MinimumVisualStudioVersion = 10.0.40219.1
Project("{FAE04EC0-301F-11D3-BF4B-00C04F79EFBC}") = "MyErp.Api", "MyErp.Api\MyErp.Api.csproj", "{6205A5F1-C497-4256-A80C-F684630BD3D7}"
EndProject
Project("{FAE04EC0-301F-11D3-BF4B-00C04F79EFBC}") = "MyErp.Data", "MyErp.Data\MyErp.Data.csproj", "{0F8CDD51-324B-44C6-A536-774E1F5B7C31}"
EndProject
Project("{FAE04EC0-301F-11D3-BF4B-00C04F79EFBC}") = "MyErp.Entities", "MyErp.Entities\MyErp.Entities.csproj", "{1E08FFAC-05F4-4E38-800D-E1CA45772803}"
EndProject
Project("{FAE04EC0-301F-11D3-BF4B-00C04F79EFBC}") = "MyErp.Common", "MyErp.Common\MyErp.Common.csproj", "{86D8EE9C-D8B2-4FE0-A53E-76F0E447E865}"
EndProject
Project("{FAE04EC0-301F-11D3-BF4B-00C04F79EFBC}") = "MyErp.Masters", "MyErp.Masters\MyErp.Masters.csproj", "{74612D6C-1510-409A-AB68-AB29952E688B}"
EndProject
Project("{FAE04EC0-301F-11D3-BF4B-00C04F79EFBC}") = "MyErp.Admin", "MyErp.Admin\MyErp.Admin.csproj", "{674CB94E-BB2E-4C4F-8B90-3F7197E3D672}"
EndProject
Project("{FAE04EC0-301F-11D3-BF4B-00C04F79EFBC}") = "MyErp.Accounts", "MyErp.Accounts\MyErp.Accounts.csproj", "{27F59C5C-9893-4961-ACDF-29C112F6C847}"
EndProject
Project("{FAE04EC0-301F-11D3-BF4B-00C04F79EFBC}") = "MyErp.Inventory", "MyErp.Inventory\MyErp.Inventory.csproj", "{69AF9DF2-A6ED-4B15-8985-3C8B4B43666D}"
EndProject
Global
	GlobalSection(SolutionConfigurationPlatforms) = preSolution
		Debug|Any CPU = Debug|Any CPU
		Debug|x64 = Debug|x64
		Debug|x86 = Debug|x86
		Release|Any CPU = Release|Any CPU
		Release|x64 = Release|x64
		Release|x86 = Release|x86
	EndGlobalSection
	GlobalSection(ProjectConfigurationPlatforms) = postSolution
		{6205A5F1-C497-4256-A80C-F684630BD3D7}.Debug|Any CPU.ActiveCfg = Debug|Any CPU
		{6205A5F1-C497-4256-A80C-F684630BD3D7}.Debug|Any CPU.Build.0 = Debug|Any CPU
		{6205A5F1-C497-4256-A80C-F684630BD3D7}.Debug|x64.ActiveCfg = Debug|Any CPU
		{6205A5F1-C497-4256-A80C-F684630BD3D7}.Debug|x64.Build.0 = Debug|Any CPU
		{6205A5F1-C497-4256-A80C-F684630BD3D7}.Debug|x86.ActiveCfg = Debug|Any CPU
		{6205A5F1-C497-4256-A80C-F684630BD3D7}.Debug|x86.Build.0 = Debug|Any CPU
		{6205A5F1-C497-4256-A80C-F684630BD3D7}.Release|Any CPU.ActiveCfg = Release|Any CPU
		{6205A5F1-C497-4256-A80C-F684630BD3D7}.Release|Any CPU.Build.0 = Release|Any CPU
		{6205A5F1-C497-4256-A80C-F684630BD3D7}.Release|x64.ActiveCfg = Release|Any CPU
		{6205A5F1-C497-4256-A80C-F684630BD3D7}.Release|x64.Build.0 = Release|Any CPU
		{6205A5F1-C497-4256-A80C-F684630BD3D7}.Release|x86.ActiveCfg = Release|Any CPU
		{6205A5F1-C497-4256-A80C-F684630BD3D7}.Release|x86.Build.0 = Release|Any CPU
		{0F8CDD51-324B-44C6-A536-774E1F5B7C31}.Debug|Any CPU.ActiveCfg = Debug|Any CPU
		{0F8CDD51-324B-44C6-A536-774E1F5B7C31}.Debug|Any CPU.Build.0 = Debug|Any CPU
		{0F8CDD51-324B-44C6-A536-774E1F5B7C31}.Debug|x64.ActiveCfg = Debug|Any CPU
		{0F8CDD51-324B-44C6-A536-774E1F5B7C31}.Debug|x64.Build.0 = Debug|Any CPU
		{0F8CDD51-324B-44C6-A536-774E1F5B7C31}.Debug|x86.ActiveCfg = Debug|Any CPU
		{0F8CDD51-324B-44C6-A536-774E1F5B7C31}.Debug|x86.Build.0 = Debug|Any CPU
		{0F8CDD51-324B-44C6-A536-774E1F5B7C31}.Release|Any CPU.ActiveCfg = Release|Any CPU
		{0F8CDD51-324B-44C6-A536-774E1F5B7C31}.Release|Any CPU.Build.0 = Release|Any CPU
		{0F8CDD51-324B-44C6-A536-774E1F5B7C31}.Release|x64.ActiveCfg = Release|Any CPU
		{0F8CDD51-324B-44C6-A536-774E1F5B7C31}.Release|x64.Build.0 = Release|Any CPU
		{0F8CDD51-324B-44C6-A536-774E1F5B7C31}.Release|x86.ActiveCfg = Release|Any CPU
		{0F8CDD51-324B-44C6-A536-774E1F5B7C31}.Release|x86.Build.0 = Release|Any CPU
		{1E08FFAC-05F4-4E38-800D-E1CA45772803}.Debug|Any CPU.ActiveCfg = Debug|Any CPU
		{1E08FFAC-05F4-4E38-800D-E1CA45772803}.Debug|Any CPU.Build.0 = Debug|Any CPU
		{1E08FFAC-05F4-4E38-800D-E1CA45772803}.Debug|x64.ActiveCfg = Debug|Any CPU
		{1E08FFAC-05F4-4E38-800D-E1CA45772803}.Debug|x64.Build.0 = Debug|Any CPU
		{1E08FFAC-05F4-4E38-800D-E1CA45772803}.Debug|x86.ActiveCfg = Debug|Any CPU
		{1E08FFAC-05F4-4E38-800D-E1CA45772803}.Debug|x86.Build.0 = Debug|Any CPU
		{1E08FFAC-05F4-4E38-800D-E1CA45772803}.Release|Any CPU.ActiveCfg = Release|Any CPU
		{1E08FFAC-05F4-4E38-800D-E1CA45772803}.Release|Any CPU.Build.0 = Release|Any CPU
		{1E08FFAC-05F4-4E38-800D-E1CA45772803}.Release|x64.ActiveCfg = Release|Any CPU
		{1E08FFAC-05F4-4E38-800D-E1CA45772803}.Release|x64.Build.0 = Release|Any CPU
		{1E08FFAC-05F4-4E38-800D-E1CA45772803}.Release|x86.ActiveCfg = Release|Any CPU
		{1E08FFAC-05F4-4E38-800D-E1CA45772803}.Release|x86.Build.0 = Release|Any CPU
		{86D8EE9C-D8B2-4FE0-A53E-76F0E447E865}.Debug|Any CPU.ActiveCfg = Debug|Any CPU
		{86D8EE9C-D8B2-4FE0-A53E-76F0E447E865}.Debug|Any CPU.Build.0 = Debug|Any CPU
		{86D8EE9C-D8B2-4FE0-A53E-76F0E447E865}.Debug|x64.ActiveCfg = Debug|Any CPU
		{86D8EE9C-D8B2-4FE0-A53E-76F0E447E865}.Debug|x64.Build.0 = Debug|Any CPU
		{86D8EE9C-D8B2-4FE0-A53E-76F0E447E865}.Debug|x86.ActiveCfg = Debug|Any CPU
		{86D8EE9C-D8B2-4FE0-A53E-76F0E447E865}.Debug|x86.Build.0 = Debug|Any CPU
		{86D8EE9C-D8B2-4FE0-A53E-76F0E447E865}.Release|Any CPU.ActiveCfg = Release|Any CPU
		{86D8EE9C-D8B2-4FE0-A53E-76F0E447E865}.Release|Any CPU.Build.0 = Release|Any CPU
		{86D8EE9C-D8B2-4FE0-A53E-76F0E447E865}.Release|x64.ActiveCfg = Release|Any CPU
		{86D8EE9C-D8B2-4FE0-A53E-76F0E447E865}.Release|x64.Build.0 = Release|Any CPU
		{86D8EE9C-D8B2-4FE0-A53E-76F0E447E865}.Release|x86.ActiveCfg = Release|Any CPU
		{86D8EE9C-D8B2-4FE0-A53E-76F0E447E865}.Release|x86.Build.0 = Release|Any CPU
		{74612D6C-1510-409A-AB68-AB29952E688B}.Debug|Any CPU.ActiveCfg = Debug|Any CPU
		{74612D6C-1510-409A-AB68-AB29952E688B}.Debug|Any CPU.Build.0 = Debug|Any CPU
		{74612D6C-1510-409A-AB68-AB29952E688B}.Debug|x64.ActiveCfg = Debug|Any CPU
		{74612D6C-1510-409A-AB68-AB29952E688B}.Debug|x64.Build.0 = Debug|Any CPU
		{74612D6C-1510-409A-AB68-AB29952E688B}.Debug|x86.ActiveCfg = Debug|Any CPU
		{74612D6C-1510-409A-AB68-AB29952E688B}.Debug|x86.Build.0 = Debug|Any CPU
		{74612D6C-1510-409A-AB68-AB29952E688B}.Release|Any CPU.ActiveCfg = Release|Any CPU
		{74612D6C-1510-409A-AB68-AB29952E688B}.Release|Any CPU.Build.0 = Release|Any CPU
		{74612D6C-1510-409A-AB68-AB29952E688B}.Release|x64.ActiveCfg = Release|Any CPU
		{74612D6C-1510-409A-AB68-AB29952E688B}.Release|x64.Build.0 = Release|Any CPU
		{74612D6C-1510-409A-AB68-AB29952E688B}.Release|x86.ActiveCfg = Release|Any CPU
		{74612D6C-1510-409A-AB68-AB29952E688B}.Release|x86.Build.0 = Release|Any CPU
		{674CB94E-BB2E-4C4F-8B90-3F7197E3D672}.Debug|Any CPU.ActiveCfg = Debug|Any CPU
		{674CB94E-BB2E-4C4F-8B90-3F7197E3D672}.Debug|Any CPU.Build.0 = Debug|Any CPU
		{674CB94E-BB2E-4C4F-8B90-3F7197E3D672}.Debug|x64.ActiveCfg = Debug|Any CPU
		{674CB94E-BB2E-4C4F-8B90-3F7197E3D672}.Debug|x64.Build.0 = Debug|Any CPU
		{674CB94E-BB2E-4C4F-8B90-3F7197E3D672}.Debug|x86.ActiveCfg = Debug|Any CPU
		{674CB94E-BB2E-4C4F-8B90-3F7197E3D672}.Debug|x86.Build.0 = Debug|Any CPU
		{674CB94E-BB2E-4C4F-8B90-3F7197E3D672}.Release|Any CPU.ActiveCfg = Release|Any CPU
		{674CB94E-BB2E-4C4F-8B90-3F7197E3D672}.Release|Any CPU.Build.0 = Release|Any CPU
		{674CB94E-BB2E-4C4F-8B90-3F7197E3D672}.Release|x64.ActiveCfg = Release|Any CPU
		{674CB94E-BB2E-4C4F-8B90-3F7197E3D672}.Release|x64.Build.0 = Release|Any CPU
		{674CB94E-BB2E-4C4F-8B90-3F7197E3D672}.Release|x86.ActiveCfg = Release|Any CPU
		{674CB94E-BB2E-4C4F-8B90-3F7197E3D672}.Release|x86.Build.0 = Release|Any CPU
		{27F59C5C-9893-4961-ACDF-29C112F6C847}.Debug|Any CPU.ActiveCfg = Debug|Any CPU
		{27F59C5C-9893-4961-ACDF-29C112F6C847}.Debug|Any CPU.Build.0 = Debug|Any CPU
		{27F59C5C-9893-4961-ACDF-29C112F6C847}.Debug|x64.ActiveCfg = Debug|Any CPU
		{27F59C5C-9893-4961-ACDF-29C112F6C847}.Debug|x64.Build.0 = Debug|Any CPU
		{27F59C5C-9893-4961-ACDF-29C112F6C847}.Debug|x86.ActiveCfg = Debug|Any CPU
		{27F59C5C-9893-4961-ACDF-29C112F6C847}.Debug|x86.Build.0 = Debug|Any CPU
		{27F59C5C-9893-4961-ACDF-29C112F6C847}.Release|Any CPU.ActiveCfg = Release|Any CPU
		{27F59C5C-9893-4961-ACDF-29C112F6C847}.Release|Any CPU.Build.0 = Release|Any CPU
		{27F59C5C-9893-4961-ACDF-29C112F6C847}.Release|x64.ActiveCfg = Release|Any CPU
		{27F59C5C-9893-4961-ACDF-29C112F6C847}.Release|x64.Build.0 = Release|Any CPU
		{27F59C5C-9893-4961-ACDF-29C112F6C847}.Release|x86.ActiveCfg = Release|Any CPU
		{27F59C5C-9893-4961-ACDF-29C112F6C847}.Release|x86.Build.0 = Release|Any CPU
		{69AF9DF2-A6ED-4B15-8985-3C8B4B43666D}.Debug|Any CPU.ActiveCfg = Debug|Any CPU
		{69AF9DF2-A6ED-4B15-8985-3C8B4B43666D}.Debug|Any CPU.Build.0 = Debug|Any CPU
		{69AF9DF2-A6ED-4B15-8985-3C8B4B43666D}.Debug|x64.ActiveCfg = Debug|Any CPU
		{69AF9DF2-A6ED-4B15-8985-3C8B4B43666D}.Debug|x64.Build.0 = Debug|Any CPU
		{69AF9DF2-A6ED-4B15-8985-3C8B4B43666D}.Debug|x86.ActiveCfg = Debug|Any CPU
		{69AF9DF2-A6ED-4B15-8985-3C8B4B43666D}.Debug|x86.Build.0 = Debug|Any CPU
		{69AF9DF2-A6ED-4B15-8985-3C8B4B43666D}.Release|Any CPU.ActiveCfg = Release|Any CPU
		{69AF9DF2-A6ED-4B15-8985-3C8B4B43666D}.Release|Any CPU.Build.0 = Release|Any CPU
		{69AF9DF2-A6ED-4B15-8985-3C8B4B43666D}.Release|x64.ActiveCfg = Release|Any CPU
		{69AF9DF2-A6ED-4B15-8985-3C8B4B43666D}.Release|x64.Build.0 = Release|Any CPU
		{69AF9DF2-A6ED-4B15-8985-3C8B4B43666D}.Release|x86.ActiveCfg = Release|Any CPU
		{69AF9DF2-A6ED-4B15-8985-3C8B4B43666D}.Release|x86.Build.0 = Release|Any CPU
	EndGlobalSection
	GlobalSection(SolutionProperties) = preSolution
		HideSolutionNode = FALSE
	EndGlobalSection
EndGlobal
